
Microsoft Visual Studio Solution File, Format Version 12.00
# Visual Studio 2013
VisualStudioVersion = 12.0.40629.0
MinimumVisualStudioVersion = 10.0.40219.1
Project("{FAE04EC0-301F-11D3-BF4B-00C04F79EFBC}") = "CountersHub.Console", "src\PerfCoun.Console\CountersHub.Console.csproj", "{C5683E45-1C13-46C1-AF80-09A266004CA7}"
EndProject
Project("{FAE04EC0-301F-11D3-BF4B-00C04F79EFBC}") = "CountersHub", "CountersHub\CountersHub.csproj", "{A39BFCF8-DBE0-4A07-8CC3-3FFBB6C7E937}"
EndProject
Global
	GlobalSection(SolutionConfigurationPlatforms) = preSolution
		Debug|Any CPU = Debug|Any CPU
		Release|Any CPU = Release|Any CPU
	EndGlobalSection
	GlobalSection(ProjectConfigurationPlatforms) = postSolution
		{C5683E45-1C13-46C1-AF80-09A266004CA7}.Debug|Any CPU.ActiveCfg = Debug|Any CPU
		{C5683E45-1C13-46C1-AF80-09A266004CA7}.Debug|Any CPU.Build.0 = Debug|Any CPU
		{C5683E45-1C13-46C1-AF80-09A266004CA7}.Release|Any CPU.ActiveCfg = Release|Any CPU
		{C5683E45-1C13-46C1-AF80-09A266004CA7}.Release|Any CPU.Build.0 = Release|Any CPU
		{A39BFCF8-DBE0-4A07-8CC3-3FFBB6C7E937}.Debug|Any CPU.ActiveCfg = Debug|Any CPU
		{A39BFCF8-DBE0-4A07-8CC3-3FFBB6C7E937}.Debug|Any CPU.Build.0 = Debug|Any CPU
		{A39BFCF8-DBE0-4A07-8CC3-3FFBB6C7E937}.Release|Any CPU.ActiveCfg = Release|Any CPU
		{A39BFCF8-DBE0-4A07-8CC3-3FFBB6C7E937}.Release|Any CPU.Build.0 = Release|Any CPU
	EndGlobalSection
	GlobalSection(SolutionProperties) = preSolution
		HideSolutionNode = FALSE
	EndGlobalSection
EndGlobal
